Microsoft Visual Studio Solution File, Format Version 12.00
# Visual Studio Version 17
VisualStudioVersion = 17.5.2.0
MinimumVisualStudioVersion = 10.0.40219.1
Project("{FAE04EC0-301F-11D3-BF4B-00C04F79EFBC}") = "SGAA.Api", "SGAA.Api.csproj", "{AE03F74B-CC9A-EF6C-F30A-44CC9A0ECBBA}"
EndProject
Global
	GlobalSection(SolutionConfigurationPlatforms) = preSolution
		Debug|Any CPU = Debug|Any CPU
		Release|Any CPU = Release|Any CPU
	EndGlobalSection
	GlobalSection(ProjectConfigurationPlatforms) = postSolution
		{AE03F74B-CC9A-EF6C-F30A-44CC9A0ECBBA}.Debug|Any CPU.ActiveCfg = Debug|Any CPU
		{AE03F74B-CC9A-EF6C-F30A-44CC9A0ECBBA}.Debug|Any CPU.Build.0 = Debug|Any CPU
		{AE03F74B-CC9A-EF6C-F30A-44CC9A0ECBBA}.Release|Any CPU.ActiveCfg = Release|Any CPU
		{AE03F74B-CC9A-EF6C-F30A-44CC9A0ECBBA}.Release|Any CPU.Build.0 = Release|Any CPU
	EndGlobalSection
	GlobalSection(SolutionProperties) = preSolution
		HideSolutionNode = FALSE
	EndGlobalSection
	GlobalSection(ExtensibilityGlobals) = postSolution
		SolutionGuid = {3B43CD21-7BC2-4D5C-988A-F197E860BCC9}
	EndGlobalSection
EndGlobal
